
Microsoft Visual Studio Solution File, Format Version 12.00
# Visual Studio Version 17
VisualStudioVersion = 17.9.34714.143
MinimumVisualStudioVersion = 10.0.40219.1
Project("{FAE04EC0-301F-11D3-BF4B-00C04F79EFBC}") = "TrendHive", "TrendHive\TrendHive.csproj", "{35B5B607-621D-40F9-B8A3-2518A65F3882}"
EndProject
Global
	GlobalSection(SolutionConfigurationPlatforms) = preSolution
		Debug|Any CPU = Debug|Any CPU
		Release|Any CPU = Release|Any CPU
	EndGlobalSection
	GlobalSection(ProjectConfigurationPlatforms) = postSolution
		{35B5B607-621D-40F9-B8A3-2518A65F3882}.Debug|Any CPU.ActiveCfg = Debug|Any CPU
		{35B5B607-621D-40F9-B8A3-2518A65F3882}.Debug|Any CPU.Build.0 = Debug|Any CPU
		{35B5B607-621D-40F9-B8A3-2518A65F3882}.Release|Any CPU.ActiveCfg = Release|Any CPU
		{35B5B607-621D-40F9-B8A3-2518A65F3882}.Release|Any CPU.Build.0 = Release|Any CPU
	EndGlobalSection
	GlobalSection(SolutionProperties) = preSolution
		HideSolutionNode = FALSE
	EndGlobalSection
	GlobalSection(ExtensibilityGlobals) = postSolution
		SolutionGuid = {4D847464-7844-42EB-8E05-AAFC7EC9903E}
	EndGlobalSection
EndGlobal
